
Microsoft Visual Studio Solution File, Format Version 12.00
# Visual Studio Version 17
VisualStudioVersion = 17.7.34018.315
MinimumVisualStudioVersion = 10.0.40219.1
Project("{FAE04EC0-301F-11D3-BF4B-00C04F79EFBC}") = "SyncToolOld", "SyncToolOld.csproj", "{9AD6B669-E0A8-49D9-A0DC-B7DBC5D4D57D}"
EndProject
Global
	GlobalSection(SolutionConfigurationPlatforms) = preSolution
		Debug|Any CPU = Debug|Any CPU
		Release|Any CPU = Release|Any CPU
	EndGlobalSection
	GlobalSection(ProjectConfigurationPlatforms) = postSolution
		{9AD6B669-E0A8-49D9-A0DC-B7DBC5D4D57D}.Debug|Any CPU.ActiveCfg = Debug|Any CPU
		{9AD6B669-E0A8-49D9-A0DC-B7DBC5D4D57D}.Debug|Any CPU.Build.0 = Debug|Any CPU
		{9AD6B669-E0A8-49D9-A0DC-B7DBC5D4D57D}.Release|Any CPU.ActiveCfg = Release|Any CPU
		{9AD6B669-E0A8-49D9-A0DC-B7DBC5D4D57D}.Release|Any CPU.Build.0 = Release|Any CPU
	EndGlobalSection
	GlobalSection(SolutionProperties) = preSolution
		HideSolutionNode = FALSE
	EndGlobalSection
	GlobalSection(ExtensibilityGlobals) = postSolution
		SolutionGuid = {66537EA2-F585-4ECD-939B-48952A9756B5}
	EndGlobalSection
EndGlobal
